
Microsoft Visual Studio Solution File, Format Version 12.00
# Visual Studio Version 17
VisualStudioVersion = 17.0.32112.339
MinimumVisualStudioVersion = 10.0.40219.1
Project("{FAE04EC0-301F-11D3-BF4B-00C04F79EFBC}") = "SWTF22_Group9_Handin2", "SWTF22_Group9_Handin2\SWTF22_Group9_Handin2.csproj", "{806C812B-2976-44D5-929C-7C935F271A3A}"
EndProject
Project("{FAE04EC0-301F-11D3-BF4B-00C04F79EFBC}") = "SWTF22_Group9_Handin2.Test.Unit", "SWTF22_Group9_Handin2.Test.Unit\SWTF22_Group9_Handin2.Test.Unit.csproj", "{4CD19F84-AA9D-4404-B914-677250011B55}"
EndProject
Project("{FAE04EC0-301F-11D3-BF4B-00C04F79EFBC}") = "SWTF22_Group9_Handin2_Class", "SWTF22_Group9_Handin2_Class\SWTF22_Group9_Handin2_Class.csproj", "{70696E59-34A8-41C9-8EE7-90245DB36360}"
EndProject
Global
	GlobalSection(SolutionConfigurationPlatforms) = preSolution
		Debug|Any CPU = Debug|Any CPU
		Release|Any CPU = Release|Any CPU
	EndGlobalSection
	GlobalSection(ProjectConfigurationPlatforms) = postSolution
		{806C812B-2976-44D5-929C-7C935F271A3A}.Debug|Any CPU.ActiveCfg = Debug|Any CPU
		{806C812B-2976-44D5-929C-7C935F271A3A}.Debug|Any CPU.Build.0 = Debug|Any CPU
		{806C812B-2976-44D5-929C-7C935F271A3A}.Release|Any CPU.ActiveCfg = Release|Any CPU
		{806C812B-2976-44D5-929C-7C935F271A3A}.Release|Any CPU.Build.0 = Release|Any CPU
		{4CD19F84-AA9D-4404-B914-677250011B55}.Debug|Any CPU.ActiveCfg = Debug|Any CPU
		{4CD19F84-AA9D-4404-B914-677250011B55}.Debug|Any CPU.Build.0 = Debug|Any CPU
		{4CD19F84-AA9D-4404-B914-677250011B55}.Release|Any CPU.ActiveCfg = Release|Any CPU
		{4CD19F84-AA9D-4404-B914-677250011B55}.Release|Any CPU.Build.0 = Release|Any CPU
		{70696E59-34A8-41C9-8EE7-90245DB36360}.Debug|Any CPU.ActiveCfg = Debug|Any CPU
		{70696E59-34A8-41C9-8EE7-90245DB36360}.Debug|Any CPU.Build.0 = Debug|Any CPU
		{70696E59-34A8-41C9-8EE7-90245DB36360}.Release|Any CPU.ActiveCfg = Release|Any CPU
		{70696E59-34A8-41C9-8EE7-90245DB36360}.Release|Any CPU.Build.0 = Release|Any CPU
	EndGlobalSection
	GlobalSection(SolutionProperties) = preSolution
		HideSolutionNode = FALSE
	EndGlobalSection
	GlobalSection(ExtensibilityGlobals) = postSolution
		SolutionGuid = {A5149349-00B3-4BBD-86FD-74D4B52F6A62}
	EndGlobalSection
EndGlobal
